github.com/caarlos0/env/v11 v11.3.1 h1:cArPWC15hWmEt+gWk7YBi7lEXTXCvpaSdCiZE2X5mCA=
github.com/caarlos0/env/v11 v11.3.1/go.mod h1:qupehSf/Y0TUTsxKywqRt/vJjN5nz6vauiYEUUr8P4U=
github.com/go-chi/chi/v5 v5.2.3 h1:WQIt9uxdsAbgIYgid+BpYc+liqQZGMHRaUwp0JUcvdE=
github.com/go-chi/chi/v5 v5.2.3/go.mod h1:L2yAIGWB3H+phAw1NxKwWM+7eUH/lU8pOMm5hHcoops=
github.com/go-chi/httplog/v2 v2.1.1 h1:ojojiu4PIaoeJ/qAO4GWUxJqvYUTobeo7zmuHQJAxRk=
github.com/go-chi/httplog/v2 v2.1.1/go.mod h1:/XXdxicJsp4BA5fapgIC3VuTD+z0Z/VzukoB3VDc1YE=
github.com/gordonklaus/portaudio v0.0.0-20250206071425-98a94950218b h1:WEuQWBxelOGHA6z9lABqaMLMrfwVyMdN3UgRLT+YUPo=
github.com/gordonklaus/portaudio v0.0.0-20250206071425-98a94950218b/go.mod h1:esZFQEUwqC+l76f2R8bIWSwXMaPbp79PppwZ1eJhFco=
